
Microsoft Visual Studio Solution File, Format Version 12.00
# Visual Studio 2012
Project("{FAE04EC0-301F-11D3-BF4B-00C04F79EFBC}") = "SmuleClone", "SmuleClone\SmuleClone.csproj", "{F5999A88-8890-40D4-9CA7-129B1885DFA1}"
EndProject
Project("{2150E333-8FDC-42A3-9474-1A3956D46DE8}") = "Solution Items", "Solution Items", "{2F169EF7-C645-4B35-95EB-02F3129F9D72}"
EndProject
Global
	GlobalSection(SolutionConfigurationPlatforms) = preSolution
		Debug|iPhoneSimulator = Debug|iPhoneSimulator
		Release|iPhone = Release|iPhone
		Release|iPhoneSimulator = Release|iPhoneSimulator
		Debug|iPhone = Debug|iPhone
	EndGlobalSection
	GlobalSection(ProjectConfigurationPlatforms) = postSolution
		{F5999A88-8890-40D4-9CA7-129B1885DFA1}.Debug|iPhoneSimulator.ActiveCfg = Debug|iPhoneSimulator
		{F5999A88-8890-40D4-9CA7-129B1885DFA1}.Debug|iPhoneSimulator.Build.0 = Debug|iPhoneSimulator
		{F5999A88-8890-40D4-9CA7-129B1885DFA1}.Release|iPhone.ActiveCfg = Release|iPhone
		{F5999A88-8890-40D4-9CA7-129B1885DFA1}.Release|iPhone.Build.0 = Release|iPhone
		{F5999A88-8890-40D4-9CA7-129B1885DFA1}.Release|iPhoneSimulator.ActiveCfg = Release|iPhoneSimulator
		{F5999A88-8890-40D4-9CA7-129B1885DFA1}.Release|iPhoneSimulator.Build.0 = Release|iPhoneSimulator
		{F5999A88-8890-40D4-9CA7-129B1885DFA1}.Debug|iPhone.ActiveCfg = Debug|iPhone
		{F5999A88-8890-40D4-9CA7-129B1885DFA1}.Debug|iPhone.Build.0 = Debug|iPhone
	EndGlobalSection
EndGlobal
